
Microsoft Visual Studio Solution File, Format Version 12.00
# Visual Studio 15
VisualStudioVersion = 15.0.27110.0
MinimumVisualStudioVersion = 10.0.40219.1
Project("{FAE04EC0-301F-11D3-BF4B-00C04F79EFBC}") = "LinqRewrite", "LinqRewrite\LinqRewrite.csproj", "{F051CAA8-3008-42C6-AC6E-B78AA68DFF7B}"
EndProject
Project("{FAE04EC0-301F-11D3-BF4B-00C04F79EFBC}") = "LinqRewrite.Core", "LinqRewrite.Core\LinqRewrite.Core.csproj", "{C380C509-4B18-4DCD-95FF-7AAEBFBDD847}"
EndProject
Project("{FAE04EC0-301F-11D3-BF4B-00C04F79EFBC}") = "TestsLibrary", "TestsLibrary\TestsLibrary.csproj", "{AB9972E4-4716-42FA-B848-061C4E9858D5}"
EndProject
Project("{FAE04EC0-301F-11D3-BF4B-00C04F79EFBC}") = "BenchmarksLibrary", "BenchmarksLibrary\BenchmarksLibrary.csproj", "{EC4702DA-E7DB-4AF1-8811-07A4419CA5DD}"
EndProject
Global
	GlobalSection(SolutionConfigurationPlatforms) = preSolution
		Debug|Any CPU = Debug|Any CPU
		Release|Any CPU = Release|Any CPU
	EndGlobalSection
	GlobalSection(ProjectConfigurationPlatforms) = postSolution
		{F051CAA8-3008-42C6-AC6E-B78AA68DFF7B}.Debug|Any CPU.ActiveCfg = Debug|Any CPU
		{F051CAA8-3008-42C6-AC6E-B78AA68DFF7B}.Debug|Any CPU.Build.0 = Debug|Any CPU
		{F051CAA8-3008-42C6-AC6E-B78AA68DFF7B}.Release|Any CPU.ActiveCfg = Release|Any CPU
		{F051CAA8-3008-42C6-AC6E-B78AA68DFF7B}.Release|Any CPU.Build.0 = Release|Any CPU
		{C380C509-4B18-4DCD-95FF-7AAEBFBDD847}.Debug|Any CPU.ActiveCfg = Debug|Any CPU
		{C380C509-4B18-4DCD-95FF-7AAEBFBDD847}.Debug|Any CPU.Build.0 = Debug|Any CPU
		{C380C509-4B18-4DCD-95FF-7AAEBFBDD847}.Release|Any CPU.ActiveCfg = Release|Any CPU
		{C380C509-4B18-4DCD-95FF-7AAEBFBDD847}.Release|Any CPU.Build.0 = Release|Any CPU
		{AB9972E4-4716-42FA-B848-061C4E9858D5}.Debug|Any CPU.ActiveCfg = Debug|Any CPU
		{AB9972E4-4716-42FA-B848-061C4E9858D5}.Debug|Any CPU.Build.0 = Debug|Any CPU
		{AB9972E4-4716-42FA-B848-061C4E9858D5}.Release|Any CPU.ActiveCfg = Release|Any CPU
		{AB9972E4-4716-42FA-B848-061C4E9858D5}.Release|Any CPU.Build.0 = Release|Any CPU
		{EC4702DA-E7DB-4AF1-8811-07A4419CA5DD}.Debug|Any CPU.ActiveCfg = Debug|Any CPU
		{EC4702DA-E7DB-4AF1-8811-07A4419CA5DD}.Debug|Any CPU.Build.0 = Debug|Any CPU
		{EC4702DA-E7DB-4AF1-8811-07A4419CA5DD}.Release|Any CPU.ActiveCfg = Release|Any CPU
		{EC4702DA-E7DB-4AF1-8811-07A4419CA5DD}.Release|Any CPU.Build.0 = Release|Any CPU
	EndGlobalSection
	GlobalSection(SolutionProperties) = preSolution
		HideSolutionNode = FALSE
	EndGlobalSection
	GlobalSection(ExtensibilityGlobals) = postSolution
		SolutionGuid = {F999F15B-88BB-4F67-BCF5-B86D21A4AD90}
	EndGlobalSection
EndGlobal
