
Microsoft Visual Studio Solution File, Format Version 12.00
# Visual Studio 15
VisualStudioVersion = 15.0.27110.0
MinimumVisualStudioVersion = 10.0.40219.1
Project("{FAE04EC0-301F-11D3-BF4B-00C04F79EFBC}") = "LinqRewrite", "LinqRewrite\LinqRewrite.csproj", "{F051CAA8-3008-42C6-AC6E-B78AA68DFF7B}"
EndProject
Project("{FAE04EC0-301F-11D3-BF4B-00C04F79EFBC}") = "LinqRewrite.Core", "LinqRewrite.Core\LinqRewrite.Core.csproj", "{C380C509-4B18-4DCD-95FF-7AAEBFBDD847}"
EndProject
Project("{FAE04EC0-301F-11D3-BF4B-00C04F79EFBC}") = "BenchmarksLibrary", "BenchmarksLibrary\BenchmarksLibrary.csproj", "{DEBA7064-9A84-40C0-B7EC-B722C1F2096A}"
EndProject
Project("{FAE04EC0-301F-11D3-BF4B-00C04F79EFBC}") = "TestsLibrary", "TestsLibrary\TestsLibrary.csproj", "{274529AD-A020-4868-A05B-275CC6E2474F}"
EndProject
Project("{FAE04EC0-301F-11D3-BF4B-00C04F79EFBC}") = "NewProjectRewrite", "NewProjectRewrite\NewProjectRewrite.csproj", "{A572F2FE-3124-4CF2-BC00-8E9DD3DD48FC}"
EndProject
Global
	GlobalSection(SolutionConfigurationPlatforms) = preSolution
		Debug|Any CPU = Debug|Any CPU
		Release|Any CPU = Release|Any CPU
	EndGlobalSection
	GlobalSection(ProjectConfigurationPlatforms) = postSolution
		{F051CAA8-3008-42C6-AC6E-B78AA68DFF7B}.Debug|Any CPU.ActiveCfg = Debug|Any CPU
		{F051CAA8-3008-42C6-AC6E-B78AA68DFF7B}.Debug|Any CPU.Build.0 = Debug|Any CPU
		{F051CAA8-3008-42C6-AC6E-B78AA68DFF7B}.Release|Any CPU.ActiveCfg = Release|Any CPU
		{F051CAA8-3008-42C6-AC6E-B78AA68DFF7B}.Release|Any CPU.Build.0 = Release|Any CPU
		{C380C509-4B18-4DCD-95FF-7AAEBFBDD847}.Debug|Any CPU.ActiveCfg = Debug|Any CPU
		{C380C509-4B18-4DCD-95FF-7AAEBFBDD847}.Debug|Any CPU.Build.0 = Debug|Any CPU
		{C380C509-4B18-4DCD-95FF-7AAEBFBDD847}.Release|Any CPU.ActiveCfg = Release|Any CPU
		{C380C509-4B18-4DCD-95FF-7AAEBFBDD847}.Release|Any CPU.Build.0 = Release|Any CPU
		{DEBA7064-9A84-40C0-B7EC-B722C1F2096A}.Debug|Any CPU.ActiveCfg = Debug|Any CPU
		{DEBA7064-9A84-40C0-B7EC-B722C1F2096A}.Debug|Any CPU.Build.0 = Debug|Any CPU
		{DEBA7064-9A84-40C0-B7EC-B722C1F2096A}.Release|Any CPU.ActiveCfg = Release|Any CPU
		{DEBA7064-9A84-40C0-B7EC-B722C1F2096A}.Release|Any CPU.Build.0 = Release|Any CPU
		{274529AD-A020-4868-A05B-275CC6E2474F}.Debug|Any CPU.ActiveCfg = Debug|Any CPU
		{274529AD-A020-4868-A05B-275CC6E2474F}.Debug|Any CPU.Build.0 = Debug|Any CPU
		{274529AD-A020-4868-A05B-275CC6E2474F}.Release|Any CPU.ActiveCfg = Release|Any CPU
		{274529AD-A020-4868-A05B-275CC6E2474F}.Release|Any CPU.Build.0 = Release|Any CPU
		{A572F2FE-3124-4CF2-BC00-8E9DD3DD48FC}.Debug|Any CPU.ActiveCfg = Debug|Any CPU
		{A572F2FE-3124-4CF2-BC00-8E9DD3DD48FC}.Debug|Any CPU.Build.0 = Debug|Any CPU
		{A572F2FE-3124-4CF2-BC00-8E9DD3DD48FC}.Release|Any CPU.ActiveCfg = Release|Any CPU
		{A572F2FE-3124-4CF2-BC00-8E9DD3DD48FC}.Release|Any CPU.Build.0 = Release|Any CPU
	EndGlobalSection
	GlobalSection(SolutionProperties) = preSolution
		HideSolutionNode = FALSE
	EndGlobalSection
	GlobalSection(ExtensibilityGlobals) = postSolution
		SolutionGuid = {F999F15B-88BB-4F67-BCF5-B86D21A4AD90}
	EndGlobalSection
EndGlobal
